
Microsoft Visual Studio Solution File, Format Version 12.00
# Visual Studio Version 17
VisualStudioVersion = 17.6.33815.320
MinimumVisualStudioVersion = 10.0.40219.1
Project("{FAE04EC0-301F-11D3-BF4B-00C04F79EFBC}") = "SFdb", "SFdb\SFdb.csproj", "{07F3D904-02A1-4CE8-BE35-A685D28D9414}"
EndProject
Global
	GlobalSection(SolutionConfigurationPlatforms) = preSolution
		Debug|Any CPU = Debug|Any CPU
		Release|Any CPU = Release|Any CPU
	EndGlobalSection
	GlobalSection(ProjectConfigurationPlatforms) = postSolution
		{07F3D904-02A1-4CE8-BE35-A685D28D9414}.Debug|Any CPU.ActiveCfg = Debug|Any CPU
		{07F3D904-02A1-4CE8-BE35-A685D28D9414}.Debug|Any CPU.Build.0 = Debug|Any CPU
		{07F3D904-02A1-4CE8-BE35-A685D28D9414}.Release|Any CPU.ActiveCfg = Release|Any CPU
		{07F3D904-02A1-4CE8-BE35-A685D28D9414}.Release|Any CPU.Build.0 = Release|Any CPU
	EndGlobalSection
	GlobalSection(SolutionProperties) = preSolution
		HideSolutionNode = FALSE
	EndGlobalSection
	GlobalSection(ExtensibilityGlobals) = postSolution
		SolutionGuid = {75A6DEF1-28A7-4F2D-9478-FB4669761965}
	EndGlobalSection
EndGlobal
